
Microsoft Visual Studio Solution File, Format Version 12.00
# Visual Studio Version 16
VisualStudioVersion = 16.0.31129.286
MinimumVisualStudioVersion = 10.0.40219.1
Project("{FAE04EC0-301F-11D3-BF4B-00C04F79EFBC}") = "DDoS Panel", "DDoS Panel\DDoS Panel.csproj", "{A210D025-9F0D-409D-80E3-99D92B1B7C37}"
EndProject
Global
	GlobalSection(SolutionConfigurationPlatforms) = preSolution
		Debug|Any CPU = Debug|Any CPU
		Release|Any CPU = Release|Any CPU
	EndGlobalSection
	GlobalSection(ProjectConfigurationPlatforms) = postSolution
		{A210D025-9F0D-409D-80E3-99D92B1B7C37}.Debug|Any CPU.ActiveCfg = Debug|Any CPU
		{A210D025-9F0D-409D-80E3-99D92B1B7C37}.Debug|Any CPU.Build.0 = Debug|Any CPU
		{A210D025-9F0D-409D-80E3-99D92B1B7C37}.Release|Any CPU.ActiveCfg = Release|Any CPU
		{A210D025-9F0D-409D-80E3-99D92B1B7C37}.Release|Any CPU.Build.0 = Release|Any CPU
	EndGlobalSection
	GlobalSection(SolutionProperties) = preSolution
		HideSolutionNode = FALSE
	EndGlobalSection
	GlobalSection(ExtensibilityGlobals) = postSolution
		SolutionGuid = {F2C3537B-F767-492B-8E65-4EA2458B6EF0}
	EndGlobalSection
EndGlobal
